{
    "version": 3,
    "terraform_version": "0.11.8",
    "serial": 6,
    "lineage": "e332f3fe-6376-091c-b1b8-d0270a27af83",
    "modules": [
        {
            "path": [
                "root"
            ],
            "outputs": {},
            "resources": {
                "azure_virtual_network.testVnet": {
                    "type": "azure_virtual_network",
                    "depends_on": [],
                    "primary": {
                        "id": "terraform-test-vnet",
                        "attributes": {
                            "address_space.#": "1",
                            "address_space.0": "10.1.2.0/24",
                            "id": "terraform-test-vnet",
                            "location": "West Europe",
                            "name": "terraform-test-vnet",
                            "subnet.#": "1",
                            "subnet.1787288781.address_prefix": "10.1.2.0/25",
                            "subnet.1787288781.name": "subnet1",
                            "subnet.1787288781.security_group": ""
                        },
                        "meta": {},
                        "tainted": false
                    },
                    "deposed": [],
                    "provider": "provider.azure"
                },
                "azurerm_resource_group.testRg": {
                    "type": "azurerm_resource_group",
                    "depends_on": [],
                    "primary": {
                        "id": "/subscriptions/63895ebf-3eb2-4b2b-9107-754069549365/resourceGroups/terraform-Vnet-Test-Rg",
                        "attributes": {
                            "id": "/subscriptions/63895ebf-3eb2-4b2b-9107-754069549365/resourceGroups/terraform-Vnet-Test-Rg",
                            "location": "westeurope",
                            "name": "terraform-Vnet-Test-Rg",
                            "tags.%": "0"
                        },
                        "meta": {},
                        "tainted": false
                    },
                    "deposed": [],
                    "provider": "provider.azurerm"
                },
                "azurerm_virtual_network.testVnet2": {
                    "type": "azurerm_virtual_network",
                    "depends_on": [],
                    "primary": {
                        "id": "/subscriptions/63895ebf-3eb2-4b2b-9107-754069549365/resourceGroups/terraform-Vnet-Test-Rg/providers/Microsoft.Network/virtualNetworks/terraform-test-vnet2",
                        "attributes": {
                            "address_space.#": "1",
                            "address_space.0": "10.0.0.0/16",
                            "dns_servers.#": "2",
                            "dns_servers.0": "10.0.0.4",
                            "dns_servers.1": "10.0.0.5",
                            "id": "/subscriptions/63895ebf-3eb2-4b2b-9107-754069549365/resourceGroups/terraform-Vnet-Test-Rg/providers/Microsoft.Network/virtualNetworks/terraform-test-vnet2",
                            "location": "westeurope",
                            "name": "terraform-test-vnet2",
                            "resource_group_name": "terraform-Vnet-Test-Rg",
                            "subnet.#": "3",
                            "subnet.1472110187.address_prefix": "10.0.1.0/24",
                            "subnet.1472110187.id": "/subscriptions/63895ebf-3eb2-4b2b-9107-754069549365/resourceGroups/terraform-Vnet-Test-Rg/providers/Microsoft.Network/virtualNetworks/terraform-test-vnet2/subnets/subnet1",
                            "subnet.1472110187.name": "subnet1",
                            "subnet.1472110187.security_group": "",
                            "subnet.2796830261.address_prefix": "10.0.2.0/24",
                            "subnet.2796830261.id": "/subscriptions/63895ebf-3eb2-4b2b-9107-754069549365/resourceGroups/terraform-Vnet-Test-Rg/providers/Microsoft.Network/virtualNetworks/terraform-test-vnet2/subnets/subnet2",
                            "subnet.2796830261.name": "subnet2",
                            "subnet.2796830261.security_group": "",
                            "subnet.4132282879.address_prefix": "10.0.3.0/24",
                            "subnet.4132282879.id": "/subscriptions/63895ebf-3eb2-4b2b-9107-754069549365/resourceGroups/terraform-Vnet-Test-Rg/providers/Microsoft.Network/virtualNetworks/terraform-test-vnet2/subnets/subnet3",
                            "subnet.4132282879.name": "subnet3",
                            "subnet.4132282879.security_group": "",
                            "tags.%": "0"
                        },
                        "meta": {},
                        "tainted": false
                    },
                    "deposed": [],
                    "provider": "provider.azurerm"
                }
            },
            "depends_on": []
        }
    ]
}
