{
    "version": 3,
    "terraform_version": "0.11.8",
    "serial": 24,
    "lineage": "e332f3fe-6376-091c-b1b8-d0270a27af83",
    "modules": [
        {
            "path": [
                "root"
            ],
            "outputs": {},
            "resources": {
                "azure_security_group.testSecurityGroup": {
                    "type": "azure_security_group",
                    "depends_on": [],
                    "primary": {
                        "id": "terraform-test-security-group",
                        "attributes": {
                            "id": "terraform-test-security-group",
                            "label": "terraform-test-security-group",
                            "location": "West Europe",
                            "name": "terraform-test-security-group"
                        },
                        "meta": {},
                        "tainted": false
                    },
                    "deposed": [],
                    "provider": "provider.azure"
                },
                "azure_virtual_network.hiRu": {
                    "type": "azure_virtual_network",
                    "depends_on": [],
                    "primary": {
                        "id": "hiRu",
                        "attributes": {
                            "address_space.#": "1",
                            "address_space.0": "10.0.0.0/20",
                            "id": "hiRu",
                            "location": "West Europe",
                            "name": "hiRu",
                            "subnet.#": "1",
                            "subnet.3386510280.address_prefix": "10.0.1.0/23",
                            "subnet.3386510280.name": "subnet1",
                            "subnet.3386510280.security_group": ""
                        },
                        "meta": {},
                        "tainted": false
                    },
                    "deposed": [],
                    "provider": "provider.azure"
                },
                "azure_virtual_network.testVnet1": {
                    "type": "azure_virtual_network",
                    "depends_on": [],
                    "primary": {
                        "id": "terraform-test-vnet1",
                        "attributes": {
                            "address_space.#": "1",
                            "address_space.0": "10.1.2.0/24",
                            "id": "terraform-test-vnet1",
                            "location": "West Europe",
                            "name": "terraform-test-vnet1",
                            "subnet.#": "1",
                            "subnet.1787288781.address_prefix": "10.1.2.0/25",
                            "subnet.1787288781.name": "subnet1",
                            "subnet.1787288781.security_group": ""
                        },
                        "meta": {},
                        "tainted": false
                    },
                    "deposed": [],
                    "provider": "provider.azure"
                },
                "azure_virtual_network.testVnet2": {
                    "type": "azure_virtual_network",
                    "depends_on": [],
                    "primary": {
                        "id": "terraform-test-vnet2",
                        "attributes": {
                            "address_space.#": "1",
                            "address_space.0": "10.0.0.0/16",
                            "id": "terraform-test-vnet2",
                            "location": "West Europe",
                            "name": "terraform-test-vnet2",
                            "subnet.#": "1",
                            "subnet.1472110187.address_prefix": "10.0.1.0/24",
                            "subnet.1472110187.name": "subnet1",
                            "subnet.1472110187.security_group": ""
                        },
                        "meta": {},
                        "tainted": false
                    },
                    "deposed": [],
                    "provider": "provider.azure"
                }
            },
            "depends_on": []
        }
    ]
}
